
Microsoft Visual Studio Solution File, Format Version 12.00
# Visual Studio Version 17
VisualStudioVersion = 17.8.34322.80
MinimumVisualStudioVersion = 10.0.40219.1
Project("{FAE04EC0-301F-11D3-BF4B-00C04F79EFBC}") = "ClinicManagementWeb", "ClinicManagementWeb\ClinicManagementWeb.csproj", "{CA8AE3A3-8ABB-49DD-8F74-1601F8EFBFBF}"
EndProject
Global
	GlobalSection(SolutionConfigurationPlatforms) = preSolution
		Debug|Any CPU = Debug|Any CPU
		Release|Any CPU = Release|Any CPU
	EndGlobalSection
	GlobalSection(ProjectConfigurationPlatforms) = postSolution
		{CA8AE3A3-8ABB-49DD-8F74-1601F8EFBFBF}.Debug|Any CPU.ActiveCfg = Debug|Any CPU
		{CA8AE3A3-8ABB-49DD-8F74-1601F8EFBFBF}.Debug|Any CPU.Build.0 = Debug|Any CPU
		{CA8AE3A3-8ABB-49DD-8F74-1601F8EFBFBF}.Release|Any CPU.ActiveCfg = Release|Any CPU
		{CA8AE3A3-8ABB-49DD-8F74-1601F8EFBFBF}.Release|Any CPU.Build.0 = Release|Any CPU
	EndGlobalSection
	GlobalSection(SolutionProperties) = preSolution
		HideSolutionNode = FALSE
	EndGlobalSection
	GlobalSection(ExtensibilityGlobals) = postSolution
		SolutionGuid = {2098BFCA-2FEC-4DD1-AB4B-A90FFD3A0B29}
	EndGlobalSection
EndGlobal
